Microsoft Visual Studio Solution File, Format Version 12.00
# Visual Studio Version 17
VisualStudioVersion = 17.5.2.0
MinimumVisualStudioVersion = 10.0.40219.1
Project("{FAE04EC0-301F-11D3-BF4B-00C04F79EFBC}") = "AiAgent", "AiAgent.csproj", "{5F148BAD-C418-FA90-EF05-AB09AF028456}"
EndProject
Global
	GlobalSection(SolutionConfigurationPlatforms) = preSolution
		Debug|Any CPU = Debug|Any CPU
		Release|Any CPU = Release|Any CPU
	EndGlobalSection
	GlobalSection(ProjectConfigurationPlatforms) = postSolution
		{5F148BAD-C418-FA90-EF05-AB09AF028456}.Debug|Any CPU.ActiveCfg = Debug|Any CPU
		{5F148BAD-C418-FA90-EF05-AB09AF028456}.Debug|Any CPU.Build.0 = Debug|Any CPU
		{5F148BAD-C418-FA90-EF05-AB09AF028456}.Release|Any CPU.ActiveCfg = Release|Any CPU
		{5F148BAD-C418-FA90-EF05-AB09AF028456}.Release|Any CPU.Build.0 = Release|Any CPU
	EndGlobalSection
	GlobalSection(SolutionProperties) = preSolution
		HideSolutionNode = FALSE
	EndGlobalSection
	GlobalSection(ExtensibilityGlobals) = postSolution
		SolutionGuid = {726B9A2C-DA8A-49DE-9BF5-D969EB5F2546}
	EndGlobalSection
EndGlobal
